
Microsoft Visual Studio Solution File, Format Version 12.00
# Visual Studio Version 17
VisualStudioVersion = 17.9.34701.34
MinimumVisualStudioVersion = 10.0.40219.1
Project("{FAE04EC0-301F-11D3-BF4B-00C04F79EFBC}") = "BookReviewApp.Server", "BookReviewApp.Server\BookReviewApp.Server.csproj", "{42084687-C293-45E5-B5A7-74F6B5C37B86}"
EndProject
Project("{54A90642-561A-4BB1-A94E-469ADEE60C69}") = "bookreviewapp.client", "bookreviewapp.client\bookreviewapp.client.esproj", "{974F11B0-4AD4-4675-B2DB-7DA00A6A3A3E}"
EndProject
Global
	GlobalSection(SolutionConfigurationPlatforms) = preSolution
		Debug|Any CPU = Debug|Any CPU
		Release|Any CPU = Release|Any CPU
	EndGlobalSection
	GlobalSection(ProjectConfigurationPlatforms) = postSolution
		{42084687-C293-45E5-B5A7-74F6B5C37B86}.Debug|Any CPU.ActiveCfg = Debug|Any CPU
		{42084687-C293-45E5-B5A7-74F6B5C37B86}.Debug|Any CPU.Build.0 = Debug|Any CPU
		{42084687-C293-45E5-B5A7-74F6B5C37B86}.Release|Any CPU.ActiveCfg = Release|Any CPU
		{42084687-C293-45E5-B5A7-74F6B5C37B86}.Release|Any CPU.Build.0 = Release|Any CPU
		{974F11B0-4AD4-4675-B2DB-7DA00A6A3A3E}.Debug|Any CPU.ActiveCfg = Debug|Any CPU
		{974F11B0-4AD4-4675-B2DB-7DA00A6A3A3E}.Debug|Any CPU.Build.0 = Debug|Any CPU
		{974F11B0-4AD4-4675-B2DB-7DA00A6A3A3E}.Debug|Any CPU.Deploy.0 = Debug|Any CPU
		{974F11B0-4AD4-4675-B2DB-7DA00A6A3A3E}.Release|Any CPU.ActiveCfg = Release|Any CPU
		{974F11B0-4AD4-4675-B2DB-7DA00A6A3A3E}.Release|Any CPU.Build.0 = Release|Any CPU
		{974F11B0-4AD4-4675-B2DB-7DA00A6A3A3E}.Release|Any CPU.Deploy.0 = Release|Any CPU
	EndGlobalSection
	GlobalSection(SolutionProperties) = preSolution
		HideSolutionNode = FALSE
	EndGlobalSection
	GlobalSection(ExtensibilityGlobals) = postSolution
		SolutionGuid = {BEC69946-6BD0-4F59-BEBF-795C8CECB8D3}
	EndGlobalSection
EndGlobal
